
Microsoft Visual Studio Solution File, Format Version 12.00
# Visual Studio Version 17
VisualStudioVersion = 17.13.35919.96 d17.13
MinimumVisualStudioVersion = 10.0.40219.1
Project("{FAE04EC0-301F-11D3-BF4B-00C04F79EFBC}") = "TimeOnlyVariables", "TimeOnlyVariables\TimeOnlyVariables.csproj", "{ECA1CF72-6C28-44C4-894C-3DEDBA617E9D}"
EndProject
Global
	GlobalSection(SolutionConfigurationPlatforms) = preSolution
		Debug|Any CPU = Debug|Any CPU
		Release|Any CPU = Release|Any CPU
	EndGlobalSection
	GlobalSection(ProjectConfigurationPlatforms) = postSolution
		{ECA1CF72-6C28-44C4-894C-3DEDBA617E9D}.Debug|Any CPU.ActiveCfg = Debug|Any CPU
		{ECA1CF72-6C28-44C4-894C-3DEDBA617E9D}.Debug|Any CPU.Build.0 = Debug|Any CPU
		{ECA1CF72-6C28-44C4-894C-3DEDBA617E9D}.Release|Any CPU.ActiveCfg = Release|Any CPU
		{ECA1CF72-6C28-44C4-894C-3DEDBA617E9D}.Release|Any CPU.Build.0 = Release|Any CPU
	EndGlobalSection
	GlobalSection(SolutionProperties) = preSolution
		HideSolutionNode = FALSE
	EndGlobalSection
	GlobalSection(ExtensibilityGlobals) = postSolution
		SolutionGuid = {53EF54ED-CB2C-40DE-9010-24AA26827F25}
	EndGlobalSection
EndGlobal
